
Microsoft Visual Studio Solution File, Format Version 12.00
# Visual Studio 2017
Project("{FAE04EC0-301F-11D3-BF4B-00C04F79EFBC}") = "my4XGame", "my4XGame.csproj", "{47F6B5DD-F2A7-BE37-466F-3429BBA16EB6}"
EndProject
Global
	GlobalSection(SolutionConfigurationPlatforms) = preSolution
		Debug|Any CPU = Debug|Any CPU
		Release|Any CPU = Release|Any CPU
	EndGlobalSection
	GlobalSection(ProjectConfigurationPlatforms) = postSolution
		{47F6B5DD-F2A7-BE37-466F-3429BBA16EB6}.Debug|Any CPU.ActiveCfg = Debug|Any CPU
		{47F6B5DD-F2A7-BE37-466F-3429BBA16EB6}.Debug|Any CPU.Build.0 = Debug|Any CPU
		{47F6B5DD-F2A7-BE37-466F-3429BBA16EB6}.Release|Any CPU.ActiveCfg = Release|Any CPU
		{47F6B5DD-F2A7-BE37-466F-3429BBA16EB6}.Release|Any CPU.Build.0 = Release|Any CPU
	EndGlobalSection
	GlobalSection(SolutionProperties) = preSolution
		HideSolutionNode = FALSE
	EndGlobalSection
EndGlobal
